// !$*UTF8*$!
{
	archiveVersion = 1;
	classes = {
	};
	objectVersion = 56;
	objects = {

/* Begin PBXBuildFile section */
		A3224E1F29D549A60043D5D8 /* AppDelegate.swift in Sources */ = {isa = PBXBuildFile; fileRef = A3224E1E29D549A60043D5D8 /* AppDelegate.swift */; };
		A3224E2129D549A60043D5D8 /* SceneDelegate.swift in Sources */ = {isa = PBXBuildFile; fileRef = A3224E2029D549A60043D5D8 /* SceneDelegate.swift */; };
		A3224E2329D549A60043D5D8 /* ViewController.swift in Sources */ = {isa = PBXBuildFile; fileRef = A3224E2229D549A60043D5D8 /* ViewController.swift */; };
		A3224E2629D549A60043D5D8 /* Main.storyboard in Resources */ = {isa = PBXBuildFile; fileRef = A3224E2429D549A60043D5D8 /* Main.storyboard */; };
		A3224E2829D549A90043D5D8 /* Assets.xcassets in Resources */ = {isa = PBXBuildFile; fileRef = A3224E2729D549A90043D5D8 /* Assets.xcassets */; };
		A3224E2B29D549A90043D5D8 /* LaunchScreen.storyboard in Resources */ = {isa = PBXBuildFile; fileRef = A3224E2929D549A90043D5D8 /* LaunchScreen.storyboard */; };
		A3224E3629D549AA0043D5D8 /* AIArmTests.swift in Sources */ = {isa = PBXBuildFile; fileRef = A3224E3529D549AA0043D5D8 /* AIArmTests.swift */; };
		A3224E4029D549AA0043D5D8 /* AIArmUITests.swift in Sources */ = {isa = PBXBuildFile; fileRef = A3224E3F29D549AA0043D5D8 /* AIArmUITests.swift */; };
		A3224E4229D549AA0043D5D8 /* AIArmUITestsLaunchTests.swift in Sources */ = {isa = PBXBuildFile; fileRef = A3224E4129D549AA0043D5D8 /* AIArmUITestsLaunchTests.swift */; };
/* End PBXBuildFile section */

/* Begin PBXContainerItemProxy section */
		A3224E3229D549AA0043D5D8 /* PBXContainerItemProxy */ = {
			isa = PBXContainerItemProxy;
			containerPortal = A3224E1329D549A60043D5D8 /* Project object */;
			proxyType = 1;
			remoteGlobalIDString = A3224E1A29D549A60043D5D8;
			remoteInfo = AIArm;
		};
		A3224E3C29D549AA0043D5D8 /* PBXContainerItemProxy */ = {
			isa = PBXContainerItemProxy;
			containerPortal = A3224E1329D549A60043D5D8 /* Project object */;
			proxyType = 1;
			remoteGlobalIDString = A3224E1A29D549A60043D5D8;
			remoteInfo = AIArm;
		};
/* End PBXContainerItemProxy section */

/* Begin PBXFileReference section */
		A3224E1B29D549A60043D5D8 /* AIArm.app */ = {isa = PBXFileReference; explicitFileType = wrapper.application; includeInIndex = 0; path = AIArm.app; sourceTree = BUILT_PRODUCTS_DIR; };
		A3224E1E29D549A60043D5D8 /* AppDelegate.swift */ = {isa = PBXFileReference; lastKnownFileType = sourcecode.swift; path = AppDelegate.swift; sourceTree = "<group>"; };
		A3224E2029D549A60043D5D8 /* SceneDelegate.swift */ = {isa = PBXFileReference; lastKnownFileType = sourcecode.swift; path = SceneDelegate.swift; sourceTree = "<group>"; };
		A3224E2229D549A60043D5D8 /* ViewController.swift */ = {isa = PBXFileReference; lastKnownFileType = sourcecode.swift; path = ViewController.swift; sourceTree = "<group>"; };
		A3224E2529D549A60043D5D8 /* Base */ = {isa = PBXFileReference; lastKnownFileType = file.storyboard; name = Base; path = Base.lproj/Main.storyboard; sourceTree = "<group>"; };
		A3224E2729D549A90043D5D8 /* Assets.xcassets */ = {isa = PBXFileReference; lastKnownFileType = folder.assetcatalog; path = Assets.xcassets; sourceTree = "<group>"; };
		A3224E2A29D549A90043D5D8 /* Base */ = {isa = PBXFileReference; lastKnownFileType = file.storyboard; name = Base; path = Base.lproj/LaunchScreen.storyboard; sourceTree = "<group>"; };
		A3224E2C29D549A90043D5D8 /* Info.plist */ = {isa = PBXFileReference; lastKnownFileType = text.plist.xml; path = Info.plist; sourceTree = "<group>"; };
		A3224E3129D549AA0043D5D8 /* AIArmTests.xctest */ = {isa = PBXFileReference; explicitFileType = wrapper.cfbundle; includeInIndex = 0; path = AIArmTests.xctest; sourceTree = BUILT_PRODUCTS_DIR; };
		A3224E3529D549AA0043D5D8 /* AIArmTests.swift */ = {isa = PBXFileReference; lastKnownFileType = sourcecode.swift; path = AIArmTests.swift; sourceTree = "<group>"; };
		A3224E3B29D549AA0043D5D8 /* AIArmUITests.xctest */ = {isa = PBXFileReference; explicitFileType = wrapper.cfbundle; includeInIndex = 0; path = AIArmUITests.xctest; sourceTree = BUILT_PRODUCTS_DIR; };
		A3224E3F29D549AA0043D5D8 /* AIArmUITests.swift */ = {isa = PBXFileReference; lastKnownFileType = sourcecode.swift; path = AIArmUITests.swift; sourceTree = "<group>"; };
		A3224E4129D549AA0043D5D8 /* AIArmUITestsLaunchTests.swift */ = {isa = PBXFileReference; lastKnownFileType = sourcecode.swift; path = AIArmUITestsLaunchTests.swift; sourceTree = "<group>"; };
/* End PBXFileReference section */

/* Begin PBXFrameworksBuildPhase section */
		A3224E1829D549A60043D5D8 /* Frameworks */ = {
			isa = PBXFrameworksBuildPhase;
			buildActionMask = 2147483647;
			files = (
			);
			runOnlyForDeploymentPostprocessing = 0;
		};
		A3224E2E29D549AA0043D5D8 /* Frameworks */ = {
			isa = PBXFrameworksBuildPhase;
			buildActionMask = 2147483647;
			files = (
			);
			runOnlyForDeploymentPostprocessing = 0;
		};
		A3224E3829D549AA0043D5D8 /* Frameworks */ = {
			isa = PBXFrameworksBuildPhase;
			buildActionMask = 2147483647;
			files = (
			);
			runOnlyForDeploymentPostprocessing = 0;
		};
/* End PBXFrameworksBuildPhase section */

/* Begin PBXGroup section */
		A3224E1229D549A60043D5D8 = {
			isa = PBXGroup;
			children = (
				A3224E1D29D549A60043D5D8 /* AIArm */,
				A3224E3429D549AA0043D5D8 /* AIArmTests */,
				A3224E3E29D549AA0043D5D8 /* AIArmUITests */,
				A3224E1C29D549A60043D5D8 /* Products */,
			);
			sourceTree = "<group>";
		};
		A3224E1C29D549A60043D5D8 /* Products */ = {
			isa = PBXGroup;
			children = (
				A3224E1B29D549A60043D5D8 /* AIArm.app */,
				A3224E3129D549AA0043D5D8 /* AIArmTests.xctest */,
				A3224E3B29D549AA0043D5D8 /* AIArmUITests.xctest */,
			);
			name = Products;
			sourceTree = "<group>";
		};
		A3224E1D29D549A60043D5D8 /* AIArm */ = {
			isa = PBXGroup;
			children = (
				A3224E1E29D549A60043D5D8 /* AppDelegate.swift */,
				A3224E2029D549A60043D5D8 /* SceneDelegate.swift */,
				A3224E2229D549A60043D5D8 /* ViewController.swift */,
				A3224E2429D549A60043D5D8 /* Main.storyboard */,
				A3224E2729D549A90043D5D8 /* Assets.xcassets */,
				A3224E2929D549A90043D5D8 /* LaunchScreen.storyboard */,
				A3224E2C29D549A90043D5D8 /* Info.plist */,
			);
			path = AIArm;
			sourceTree = "<group>";
		};
		A3224E3429D549AA0043D5D8 /* AIArmTests */ = {
			isa = PBXGroup;
			children = (
				A3224E3529D549AA0043D5D8 /* AIArmTests.swift */,
			);
			path = AIArmTests;
			sourceTree = "<group>";
		};
		A3224E3E29D549AA0043D5D8 /* AIArmUITests */ = {
			isa = PBXGroup;
			children = (
				A3224E3F29D549AA0043D5D8 /* AIArmUITests.swift */,
				A3224E4129D549AA0043D5D8 /* AIArmUITestsLaunchTests.swift */,
			);
			path = AIArmUITests;
			sourceTree = "<group>";
		};
/* End PBXGroup section */

/* Begin PBXNativeTarget section */
		A3224E1A29D549A60043D5D8 /* AIArm */ = {
			isa = PBXNativeTarget;
			buildConfigurationList = A3224E4529D549AA0043D5D8 /* Build configuration list for PBXNativeTarget "AIArm" */;
			buildPhases = (
				A3224E1729D549A60043D5D8 /* Sources */,
				A3224E1829D549A60043D5D8 /* Frameworks */,
				A3224E1929D549A60043D5D8 /* Resources */,
			);
			buildRules = (
			);
			dependencies = (
			);
			name = AIArm;
			productName = AIArm;
			productReference = A3224E1B29D549A60043D5D8 /* AIArm.app */;
			productType = "com.apple.product-type.application";
		};
		A3224E3029D549AA0043D5D8 /* AIArmTests */ = {
			isa = PBXNativeTarget;
			buildConfigurationList = A3224E4829D549AA0043D5D8 /* Build configuration list for PBXNativeTarget "AIArmTests" */;
			buildPhases = (
				A3224E2D29D549AA0043D5D8 /* Sources */,
				A3224E2E29D549AA0043D5D8 /* Frameworks */,
				A3224E2F29D549AA0043D5D8 /* Resources */,
			);
			buildRules = (
			);
			dependencies = (
				A3224E3329D549AA0043D5D8 /* PBXTargetDependency */,
			);
			name = AIArmTests;
			productName = AIArmTests;
			productReference = A3224E3129D549AA0043D5D8 /* AIArmTests.xctest */;
			productType = "com.apple.product-type.bundle.unit-test";
		};
		A3224E3A29D549AA0043D5D8 /* AIArmUITests */ = {
			isa = PBXNativeTarget;
			buildConfigurationList = A3224E4B29D549AA0043D5D8 /* Build configuration list for PBXNativeTarget "AIArmUITests" */;
			buildPhases = (
				A3224E3729D549AA0043D5D8 /* Sources */,
				A3224E3829D549AA0043D5D8 /* Frameworks */,
				A3224E3929D549AA0043D5D8 /* Resources */,
			);
			buildRules = (
			);
			dependencies = (
				A3224E3D29D549AA0043D5D8 /* PBXTargetDependency */,
			);
			name = AIArmUITests;
			productName = AIArmUITests;
			productReference = A3224E3B29D549AA0043D5D8 /* AIArmUITests.xctest */;
			productType = "com.apple.product-type.bundle.ui-testing";
		};
/* End PBXNativeTarget section */

/* Begin PBXProject section */
		A3224E1329D549A60043D5D8 /* Project object */ = {
			isa = PBXProject;
			attributes = {
				BuildIndependentTargetsInParallel = 1;
				LastSwiftUpdateCheck = 1420;
				LastUpgradeCheck = 1420;
				TargetAttributes = {
					A3224E1A29D549A60043D5D8 = {
						CreatedOnToolsVersion = 14.2;
					};
					A3224E3029D549AA0043D5D8 = {
						CreatedOnToolsVersion = 14.2;
						TestTargetID = A3224E1A29D549A60043D5D8;
					};
					A3224E3A29D549AA0043D5D8 = {
						CreatedOnToolsVersion = 14.2;
						TestTargetID = A3224E1A29D549A60043D5D8;
					};
				};
			};
			buildConfigurationList = A3224E1629D549A60043D5D8 /* Build configuration list for PBXProject "AIArm" */;
			compatibilityVersion = "Xcode 14.0";
			developmentRegion = en;
			hasScannedForEncodings = 0;
			knownRegions = (
				en,
				Base,
			);
			mainGroup = A3224E1229D549A60043D5D8;
			productRefGroup = A3224E1C29D549A60043D5D8 /* Products */;
			projectDirPath = "";
			projectRoot = "";
			targets = (
				A3224E1A29D549A60043D5D8 /* AIArm */,
				A3224E3029D549AA0043D5D8 /* AIArmTests */,
				A3224E3A29D549AA0043D5D8 /* AIArmUITests */,
			);
		};
/* End PBXProject section */

/* Begin PBXResourcesBuildPhase section */
		A3224E1929D549A60043D5D8 /* Resources */ = {
			isa = PBXResourcesBuildPhase;
			buildActionMask = 2147483647;
			files = (
				A3224E2B29D549A90043D5D8 /* LaunchScreen.storyboard in Resources */,
				A3224E2829D549A90043D5D8 /* Assets.xcassets in Resources */,
				A3224E2629D549A60043D5D8 /* Main.storyboard in Resources */,
			);
			runOnlyForDeploymentPostprocessing = 0;
		};
		A3224E2F29D549AA0043D5D8 /* Resources */ = {
			isa = PBXResourcesBuildPhase;
			buildActionMask = 2147483647;
			files = (
			);
			runOnlyForDeploymentPostprocessing = 0;
		};
		A3224E3929D549AA0043D5D8 /* Resources */ = {
			isa = PBXResourcesBuildPhase;
			buildActionMask = 2147483647;
			files = (
			);
			runOnlyForDeploymentPostprocessing = 0;
		};
/* End PBXResourcesBuildPhase section */

/* Begin PBXSourcesBuildPhase section */
		A3224E1729D549A60043D5D8 /* Sources */ = {
			isa = PBXSourcesBuildPhase;
			buildActionMask = 2147483647;
			files = (
				A3224E2329D549A60043D5D8 /* ViewController.swift in Sources */,
				A3224E1F29D549A60043D5D8 /* AppDelegate.swift in Sources */,
				A3224E2129D549A60043D5D8 /* SceneDelegate.swift in Sources */,
			);
			runOnlyForDeploymentPostprocessing = 0;
		};
		A3224E2D29D549AA0043D5D8 /* Sources */ = {
			isa = PBXSourcesBuildPhase;
			buildActionMask = 2147483647;
			files = (
				A3224E3629D549AA0043D5D8 /* AIArmTests.swift in Sources */,
			);
			runOnlyForDeploymentPostprocessing = 0;
		};
		A3224E3729D549AA0043D5D8 /* Sources */ = {
			isa = PBXSourcesBuildPhase;
			buildActionMask = 2147483647;
			files = (
				A3224E4029D549AA0043D5D8 /* AIArmUITests.swift in Sources */,
				A3224E4229D549AA0043D5D8 /* AIArmUITestsLaunchTests.swift in Sources */,
			);
			runOnlyForDeploymentPostprocessing = 0;
		};
/* End PBXSourcesBuildPhase section */

/* Begin PBXTargetDependency section */
		A3224E3329D549AA0043D5D8 /* PBXTargetDependency */ = {
			isa = PBXTargetDependency;
			target = A3224E1A29D549A60043D5D8 /* AIArm */;
			targetProxy = A3224E3229D549AA0043D5D8 /* PBXContainerItemProxy */;
		};
		A3224E3D29D549AA0043D5D8 /* PBXTargetDependency */ = {
			isa = PBXTargetDependency;
			target = A3224E1A29D549A60043D5D8 /* AIArm */;
			targetProxy = A3224E3C29D549AA0043D5D8 /* PBXContainerItemProxy */;
		};
/* End PBXTargetDependency section */

/* Begin PBXVariantGroup section */
		A3224E2429D549A60043D5D8 /* Main.storyboard */ = {
			isa = PBXVariantGroup;
			children = (
				A3224E2529D549A60043D5D8 /* Base */,
			);
			name = Main.storyboard;
			sourceTree = "<group>";
		};
		A3224E2929D549A90043D5D8 /* LaunchScreen.storyboard */ = {
			isa = PBXVariantGroup;
			children = (
				A3224E2A29D549A90043D5D8 /* Base */,
			);
			name = LaunchScreen.storyboard;
			sourceTree = "<group>";
		};
/* End PBXVariantGroup section */

/* Begin XCBuildConfiguration section */
		A3224E4329D549AA0043D5D8 /* Debug */ = {
			isa = XCBuildConfiguration;
			buildSettings = {
				ALWAYS_SEARCH_USER_PATHS = NO;
				CLANG_ANALYZER_NONNULL = YES;
				CLANG_ANALYZER_NUMBER_OBJECT_CONVERSION = YES_AGGRESSIVE;
				CLANG_CXX_LANGUAGE_STANDARD = "gnu++20";
				CLANG_ENABLE_MODULES = YES;
				CLANG_ENABLE_OBJC_ARC = YES;
				CLANG_ENABLE_OBJC_WEAK = YES;
				CLANG_WARN_BLOCK_CAPTURE_AUTORELEASING = YES;
				CLANG_WARN_BOOL_CONVERSION = YES;
				CLANG_WARN_COMMA = YES;
				CLANG_WARN_CONSTANT_CONVERSION = YES;
				CLANG_WARN_DEPRECATED_OBJC_IMPLEMENTATIONS = YES;
				CLANG_WARN_DIRECT_OBJC_ISA_USAGE = YES_ERROR;
				CLANG_WARN_DOCUMENTATION_COMMENTS = YES;
				CLANG_WARN_EMPTY_BODY = YES;
				CLANG_WARN_ENUM_CONVERSION = YES;
				CLANG_WARN_INFINITE_RECURSION = YES;
				CLANG_WARN_INT_CONVERSION = YES;
				CLANG_WARN_NON_LITERAL_NULL_CONVERSION = YES;
				CLANG_WARN_OBJC_IMPLICIT_RETAIN_SELF = YES;
				CLANG_WARN_OBJC_LITERAL_CONVERSION = YES;
				CLANG_WARN_OBJC_ROOT_CLASS = YES_ERROR;
				CLANG_WARN_QUOTED_INCLUDE_IN_FRAMEWORK_HEADER = YES;
				CLANG_WARN_RANGE_LOOP_ANALYSIS = YES;
				CLANG_WARN_STRICT_PROTOTYPES = YES;
				CLANG_WARN_SUSPICIOUS_MOVE = YES;
				CLANG_WARN_UNGUARDED_AVAILABILITY = YES_AGGRESSIVE;
				CLANG_WARN_UNREACHABLE_CODE = YES;
				CLANG_WARN__DUPLICATE_METHOD_MATCH = YES;
				COPY_PHASE_STRIP = NO;
				DEBUG_INFORMATION_FORMAT = dwarf;
				ENABLE_STRICT_OBJC_MSGSEND = YES;
				ENABLE_TESTABILITY = YES;
				GCC_C_LANGUAGE_STANDARD = gnu11;
				GCC_DYNAMIC_NO_PIC = NO;
				GCC_NO_COMMON_BLOCKS = YES;
				GCC_OPTIMIZATION_LEVEL = 0;
				GCC_PREPROCESSOR_DEFINITIONS = (
					"DEBUG=1",
					"$(inherited)",
				);
				GCC_WARN_64_TO_32_BIT_CONVERSION = YES;
				GCC_WARN_ABOUT_RETURN_TYPE = YES_ERROR;
				GCC_WARN_UNDECLARED_SELECTOR = YES;
				GCC_WARN_UNINITIALIZED_AUTOS = YES_AGGRESSIVE;
				GCC_WARN_UNUSED_FUNCTION = YES;
				GCC_WARN_UNUSED_VARIABLE = YES;
				IPHONEOS_DEPLOYMENT_TARGET = 16.2;
				MTL_ENABLE_DEBUG_INFO = INCLUDE_SOURCE;
				MTL_FAST_MATH = YES;
				ONLY_ACTIVE_ARCH = YES;
				SDKROOT = iphoneos;
				SWIFT_ACTIVE_COMPILATION_CONDITIONS = DEBUG;
				SWIFT_OPTIMIZATION_LEVEL = "-Onone";
			};
			name = Debug;
		};
		A3224E4429D549AA0043D5D8 /* Release */ = {
			isa = XCBuildConfiguration;
			buildSettings = {
				ALWAYS_SEARCH_USER_PATHS = NO;
				CLANG_ANALYZER_NONNULL = YES;
				CLANG_ANALYZER_NUMBER_OBJECT_CONVERSION = YES_AGGRESSIVE;
				CLANG_CXX_LANGUAGE_STANDARD = "gnu++20";
				CLANG_ENABLE_MODULES = YES;
				CLANG_ENABLE_OBJC_ARC = YES;
				CLANG_ENABLE_OBJC_WEAK = YES;
				CLANG_WARN_BLOCK_CAPTURE_AUTORELEASING = YES;
				CLANG_WARN_BOOL_CONVERSION = YES;
				CLANG_WARN_COMMA = YES;
				CLANG_WARN_CONSTANT_CONVERSION = YES;
				CLANG_WARN_DEPRECATED_OBJC_IMPLEMENTATIONS = YES;
				CLANG_WARN_DIRECT_OBJC_ISA_USAGE = YES_ERROR;
				CLANG_WARN_DOCUMENTATION_COMMENTS = YES;
				CLANG_WARN_EMPTY_BODY = YES;
				CLANG_WARN_ENUM_CONVERSION = YES;
				CLANG_WARN_INFINITE_RECURSION = YES;
				CLANG_WARN_INT_CONVERSION = YES;
				CLANG_WARN_NON_LITERAL_NULL_CONVERSION = YES;
				CLANG_WARN_OBJC_IMPLICIT_RETAIN_SELF = YES;
				CLANG_WARN_OBJC_LITERAL_CONVERSION = YES;
				CLANG_WARN_OBJC_ROOT_CLASS = YES_ERROR;
				CLANG_WARN_QUOTED_INCLUDE_IN_FRAMEWORK_HEADER = YES;
				CLANG_WARN_RANGE_LOOP_ANALYSIS = YES;
				CLANG_WARN_STRICT_PROTOTYPES = YES;
				CLANG_WARN_SUSPICIOUS_MOVE = YES;
				CLANG_WARN_UNGUARDED_AVAILABILITY = YES_AGGRESSIVE;
				CLANG_WARN_UNREACHABLE_CODE = YES;
				CLANG_WARN__DUPLICATE_METHOD_MATCH = YES;
				COPY_PHASE_STRIP = NO;
				DEBUG_INFORMATION_FORMAT = "dwarf-with-dsym";
				ENABLE_NS_ASSERTIONS = NO;
				ENABLE_STRICT_OBJC_MSGSEND = YES;
				GCC_C_LANGUAGE_STANDARD = gnu11;
				GCC_NO_COMMON_BLOCKS = YES;
				GCC_WARN_64_TO_32_BIT_CONVERSION = YES;
				GCC_WARN_ABOUT_RETURN_TYPE = YES_ERROR;
				GCC_WARN_UNDECLARED_SELECTOR = YES;
				GCC_WARN_UNINITIALIZED_AUTOS = YES_AGGRESSIVE;
				GCC_WARN_UNUSED_FUNCTION = YES;
				GCC_WARN_UNUSED_VARIABLE = YES;
				IPHONEOS_DEPLOYMENT_TARGET = 16.2;
				MTL_ENABLE_DEBUG_INFO = NO;
				MTL_FAST_MATH = YES;
				SDKROOT = iphoneos;
				SWIFT_COMPILATION_MODE = wholemodule;
				SWIFT_OPTIMIZATION_LEVEL = "-O";
				VALIDATE_PRODUCT = YES;
			};
			name = Release;
		};
		A3224E4629D549AA0043D5D8 /* Debug */ = {
			isa = XCBuildConfiguration;
			buildSettings = {
				ASSETCATALOG_COMPILER_APPICON_NAME = AppIcon;
				ASSETCATALOG_COMPILER_GLOBAL_ACCENT_COLOR_NAME = AccentColor;
				CODE_SIGN_STYLE = Automatic;
				CURRENT_PROJECT_VERSION = 1;
				DEVELOPMENT_TEAM = 5D5H679LK6;
				GENERATE_INFOPLIST_FILE = YES;
				INFOPLIST_FILE = AIArm/Info.plist;
				INFOPLIST_KEY_UIApplicationSupportsIndirectInputEvents = YES;
				INFOPLIST_KEY_UILaunchStoryboardName = LaunchScreen;
				INFOPLIST_KEY_UIMainStoryboardFile = Main;
				INFOPLIST_KEY_UISupportedInterfaceOrientations_iPad = "UIInterfaceOrientationPortrait UIInterfaceOrientationPortraitUpsideDown UIInterfaceOrientationLandscapeLeft UIInterfaceOrientationLandscapeRight";
				INFOPLIST_KEY_UISupportedInterfaceOrientations_iPhone = "UIInterfaceOrientationPortrait UIInterfaceOrientationLandscapeLeft UIInterfaceOrientationLandscapeRight";
				LD_RUNPATH_SEARCH_PATHS = (
					"$(inherited)",
					"@executable_path/Frameworks",
				);
				MARKETING_VERSION = 1.0;
				PRODUCT_BUNDLE_IDENTIFIER = come.zoneyet.heathCare.AIArm;
				PRODUCT_NAME = "$(TARGET_NAME)";
				SWIFT_EMIT_LOC_STRINGS = YES;
				SWIFT_VERSION = 5.0;
				TARGETED_DEVICE_FAMILY = "1,2";
			};
			name = Debug;
		};
		A3224E4729D549AA0043D5D8 /* Release */ = {
			isa = XCBuildConfiguration;
			buildSettings = {
				ASSETCATALOG_COMPILER_APPICON_NAME = AppIcon;
				ASSETCATALOG_COMPILER_GLOBAL_ACCENT_COLOR_NAME = AccentColor;
				CODE_SIGN_STYLE = Automatic;
				CURRENT_PROJECT_VERSION = 1;
				DEVELOPMENT_TEAM = 5D5H679LK6;
				GENERATE_INFOPLIST_FILE = YES;
				INFOPLIST_FILE = AIArm/Info.plist;
				INFOPLIST_KEY_UIApplicationSupportsIndirectInputEvents = YES;
				INFOPLIST_KEY_UILaunchStoryboardName = LaunchScreen;
				INFOPLIST_KEY_UIMainStoryboardFile = Main;
				INFOPLIST_KEY_UISupportedInterfaceOrientations_iPad = "UIInterfaceOrientationPortrait UIInterfaceOrientationPortraitUpsideDown UIInterfaceOrientationLandscapeLeft UIInterfaceOrientationLandscapeRight";
				INFOPLIST_KEY_UISupportedInterfaceOrientations_iPhone = "UIInterfaceOrientationPortrait UIInterfaceOrientationLandscapeLeft UIInterfaceOrientationLandscapeRight";
				LD_RUNPATH_SEARCH_PATHS = (
					"$(inherited)",
					"@executable_path/Frameworks",
				);
				MARKETING_VERSION = 1.0;
				PRODUCT_BUNDLE_IDENTIFIER = come.zoneyet.heathCare.AIArm;
				PRODUCT_NAME = "$(TARGET_NAME)";
				SWIFT_EMIT_LOC_STRINGS = YES;
				SWIFT_VERSION = 5.0;
				TARGETED_DEVICE_FAMILY = "1,2";
			};
			name = Release;
		};
		A3224E4929D549AA0043D5D8 /* Debug */ = {
			isa = XCBuildConfiguration;
			buildSettings = {
				ALWAYS_EMBED_SWIFT_STANDARD_LIBRARIES = YES;
				BUNDLE_LOADER = "$(TEST_HOST)";
				CODE_SIGN_STYLE = Automatic;
				CURRENT_PROJECT_VERSION = 1;
				DEVELOPMENT_TEAM = 5D5H679LK6;
				GENERATE_INFOPLIST_FILE = YES;
				IPHONEOS_DEPLOYMENT_TARGET = 16.2;
				MARKETING_VERSION = 1.0;
				PRODUCT_BUNDLE_IDENTIFIER = come.zoneyet.heathCare.AIArmTests;
				PRODUCT_NAME = "$(TARGET_NAME)";
				SWIFT_EMIT_LOC_STRINGS = NO;
				SWIFT_VERSION = 5.0;
				TARGETED_DEVICE_FAMILY = "1,2";
				TEST_HOST = "$(BUILT_PRODUCTS_DIR)/AIArm.app/$(BUNDLE_EXECUTABLE_FOLDER_PATH)/AIArm";
			};
			name = Debug;
		};
		A3224E4A29D549AA0043D5D8 /* Release */ = {
			isa = XCBuildConfiguration;
			buildSettings = {
				ALWAYS_EMBED_SWIFT_STANDARD_LIBRARIES = YES;
				BUNDLE_LOADER = "$(TEST_HOST)";
				CODE_SIGN_STYLE = Automatic;
				CURRENT_PROJECT_VERSION = 1;
				DEVELOPMENT_TEAM = 5D5H679LK6;
				GENERATE_INFOPLIST_FILE = YES;
				IPHONEOS_DEPLOYMENT_TARGET = 16.2;
				MARKETING_VERSION = 1.0;
				PRODUCT_BUNDLE_IDENTIFIER = come.zoneyet.heathCare.AIArmTests;
				PRODUCT_NAME = "$(TARGET_NAME)";
				SWIFT_EMIT_LOC_STRINGS = NO;
				SWIFT_VERSION = 5.0;
				TARGETED_DEVICE_FAMILY = "1,2";
				TEST_HOST = "$(BUILT_PRODUCTS_DIR)/AIArm.app/$(BUNDLE_EXECUTABLE_FOLDER_PATH)/AIArm";
			};
			name = Release;
		};
		A3224E4C29D549AA0043D5D8 /* Debug */ = {
			isa = XCBuildConfiguration;
			buildSettings = {
				ALWAYS_EMBED_SWIFT_STANDARD_LIBRARIES = YES;
				CODE_SIGN_STYLE = Automatic;
				CURRENT_PROJECT_VERSION = 1;
				DEVELOPMENT_TEAM = 5D5H679LK6;
				GENERATE_INFOPLIST_FILE = YES;
				MARKETING_VERSION = 1.0;
				PRODUCT_BUNDLE_IDENTIFIER = come.zoneyet.heathCare.AIArmUITests;
				PRODUCT_NAME = "$(TARGET_NAME)";
				SWIFT_EMIT_LOC_STRINGS = NO;
				SWIFT_VERSION = 5.0;
				TARGETED_DEVICE_FAMILY = "1,2";
				TEST_TARGET_NAME = AIArm;
			};
			name = Debug;
		};
		A3224E4D29D549AA0043D5D8 /* Release */ = {
			isa = XCBuildConfiguration;
			buildSettings = {
				ALWAYS_EMBED_SWIFT_STANDARD_LIBRARIES = YES;
				CODE_SIGN_STYLE = Automatic;
				CURRENT_PROJECT_VERSION = 1;
				DEVELOPMENT_TEAM = 5D5H679LK6;
				GENERATE_INFOPLIST_FILE = YES;
				MARKETING_VERSION = 1.0;
				PRODUCT_BUNDLE_IDENTIFIER = come.zoneyet.heathCare.AIArmUITests;
				PRODUCT_NAME = "$(TARGET_NAME)";
				SWIFT_EMIT_LOC_STRINGS = NO;
				SWIFT_VERSION = 5.0;
				TARGETED_DEVICE_FAMILY = "1,2";
				TEST_TARGET_NAME = AIArm;
			};
			name = Release;
		};
/* End XCBuildConfiguration section */

/* Begin XCConfigurationList section */
		A3224E1629D549A60043D5D8 /* Build configuration list for PBXProject "AIArm" */ = {
			isa = XCConfigurationList;
			buildConfigurations = (
				A3224E4329D549AA0043D5D8 /* Debug */,
				A3224E4429D549AA0043D5D8 /* Release */,
			);
			defaultConfigurationIsVisible = 0;
			defaultConfigurationName = Release;
		};
		A3224E4529D549AA0043D5D8 /* Build configuration list for PBXNativeTarget "AIArm" */ = {
			isa = XCConfigurationList;
			buildConfigurations = (
				A3224E4629D549AA0043D5D8 /* Debug */,
				A3224E4729D549AA0043D5D8 /* Release */,
			);
			defaultConfigurationIsVisible = 0;
			defaultConfigurationName = Release;
		};
		A3224E4829D549AA0043D5D8 /* Build configuration list for PBXNativeTarget "AIArmTests" */ = {
			isa = XCConfigurationList;
			buildConfigurations = (
				A3224E4929D549AA0043D5D8 /* Debug */,
				A3224E4A29D549AA0043D5D8 /* Release */,
			);
			defaultConfigurationIsVisible = 0;
			defaultConfigurationName = Release;
		};
		A3224E4B29D549AA0043D5D8 /* Build configuration list for PBXNativeTarget "AIArmUITests" */ = {
			isa = XCConfigurationList;
			buildConfigurations = (
				A3224E4C29D549AA0043D5D8 /* Debug */,
				A3224E4D29D549AA0043D5D8 /* Release */,
			);
			defaultConfigurationIsVisible = 0;
			defaultConfigurationName = Release;
		};
/* End XCConfigurationList section */
	};
	rootObject = A3224E1329D549A60043D5D8 /* Project object */;
}
